
Microsoft Visual Studio Solution File, Format Version 12.00
# Visual Studio Version 17
VisualStudioVersion = 17.3.32901.215
MinimumVisualStudioVersion = 10.0.40219.1
Project("{FAE04EC0-301F-11D3-BF4B-00C04F79EFBC}") = "HomeW0rk2", "HomeW0rk2\HomeW0rk2.csproj", "{08E5855D-1E14-4742-8904-0022C71A9FF9}"
EndProject
Global
	GlobalSection(SolutionConfigurationPlatforms) = preSolution
		Debug|Any CPU = Debug|Any CPU
		Release|Any CPU = Release|Any CPU
	EndGlobalSection
	GlobalSection(ProjectConfigurationPlatforms) = postSolution
		{08E5855D-1E14-4742-8904-0022C71A9FF9}.Debug|Any CPU.ActiveCfg = Debug|Any CPU
		{08E5855D-1E14-4742-8904-0022C71A9FF9}.Debug|Any CPU.Build.0 = Debug|Any CPU
		{08E5855D-1E14-4742-8904-0022C71A9FF9}.Release|Any CPU.ActiveCfg = Release|Any CPU
		{08E5855D-1E14-4742-8904-0022C71A9FF9}.Release|Any CPU.Build.0 = Release|Any CPU
	EndGlobalSection
	GlobalSection(SolutionProperties) = preSolution
		HideSolutionNode = FALSE
	EndGlobalSection
	GlobalSection(ExtensibilityGlobals) = postSolution
		SolutionGuid = {7BF79AA7-397E-49E0-B246-6D1813AEEDA8}
	EndGlobalSection
EndGlobal
